# This file is automatically @generated by Cargo.
# It is not intended for manual editing.
version = 3

[[package]]
name = "anyhow"
version = "1.0.51"
source = "registry+https://github.com/rust-lang/crates.io-index"
checksum = "8b26702f315f53b6071259e15dd9d64528213b44d61de1ec926eca7715d62203"

[[package]]
name = "common"
version = "0.1.0"

[[package]]
name = "d1"
version = "0.1.0"
dependencies = [
 "anyhow",
]

[[package]]
name = "d10"
version = "0.1.0"
dependencies = [
 "common",
 "lazy_static",
]

[[package]]
name = "d11"
version = "0.1.0"
dependencies = [
 "common",
]

[[package]]
name = "d12"
version = "0.1.0"
dependencies = [
 "common",
]

[[package]]
name = "d13"
version = "0.1.0"
dependencies = [
 "common",
 "text_io",
]

[[package]]
name = "d14"
version = "0.1.0"
dependencies = [
 "common",
 "text_io",
]

[[package]]
name = "d2"
version = "0.1.0"
dependencies = [
 "anyhow",
]

[[package]]
name = "d3"
version = "0.1.0"
dependencies = [
 "anyhow",
 "common",
]

[[package]]
name = "d4"
version = "0.1.0"
dependencies = [
 "anyhow",
 "common",
]

[[package]]
name = "d5"
version = "0.1.0"
dependencies = [
 "anyhow",
 "common",
 "text_io",
]

[[package]]
name = "d6"
version = "0.1.0"
dependencies = [
 "anyhow",
 "common",
]

[[package]]
name = "d7"
version = "0.1.0"
dependencies = [
 "common",
]

[[package]]
name = "d8"
version = "0.1.0"
dependencies = [
 "common",
 "lazy_static",
]

[[package]]
name = "d9"
version = "0.1.0"
dependencies = [
 "common",
]

[[package]]
name = "lazy_static"
version = "1.4.0"
source = "registry+https://github.com/rust-lang/crates.io-index"
checksum = "e2abad23fbc42b3700f2f279844dc832adb2b2eb069b2df918f455c4e18cc646"

[[package]]
name = "text_io"
version = "0.1.9"
source = "registry+https://github.com/rust-lang/crates.io-index"
checksum = "ee74b5019b48991b09803402aaf9e65a053b3993fe9d9c475ab67a395358ba76"
